<?xml version="1.0" encoding="utf-8"?>
<Project ToolsVersion="4.0" xmlns="http://schemas.microsoft.com/developer/msbuild/2003">
  <ItemGroup>
    <Filter Include="sources">
      <UniqueIdentifier>{4FC737F1-C7A5-4376-A066-2A32D752A2FF}</UniqueIdentifier>
      <Extensions>cpp;c;cc;cxx;c++;cppm;ixx;def;odl;idl;hpj;bat;asm;asmx</Extensions>
    </Filter>
    <Filter Include="include">
      <UniqueIdentifier>{93995380-89BD-4b04-88EB-625FBE52EBFB}</UniqueIdentifier>
      <Extensions>h;hh;hpp;hxx;h++;hm;inl;inc;ipp;xsd</Extensions>
    </Filter>
    <Filter Include="sources\RPC">
      <UniqueIdentifier>{8897958d-e415-4851-bd03-8f3f86e3fe52}</UniqueIdentifier>
    </Filter>
  </ItemGroup>
  <ItemGroup>
    <ClCompile Include="main.c">
      <Filter>sources</Filter>
    </ClCompile>
    <ClCompile Include="service.c">
      <Filter>sources</Filter>
    </ClCompile>
    <ClCompile Include="..\Sudo Common\RPC\ServerStubX64.c">
      <Filter>sources\RPC</Filter>
    </ClCompile>
    <ClCompile Include="..\Sudo Common\RPC\ServerStubX86.c">
      <Filter>sources\RPC</Filter>
    </ClCompile>
  </ItemGroup>
  <ItemGroup>
    <ClInclude Include="include\service.h">
      <Filter>include</Filter>
    </ClInclude>
  </ItemGroup>
  <ItemGroup>
    <None Include="SudoService.acf" />
  </ItemGroup>
  <ItemGroup>
    <Midl Include="SudoService.idl">
      <Filter>sources</Filter>
    </Midl>
  </ItemGroup>
</Project>